// !$*UTF8*$!
{
	archiveVersion = 1;
	classes = {
	};
	objectVersion = 56;
	objects = {

/* Begin PBXBuildFile section */
		9675766B2C2FAEF700F48809 /* DanmuA11yApp.swift in Sources */ = {isa = PBXBuildFile; fileRef = 9675766A2C2FAEF700F48809 /* DanmuA11yApp.swift */; };
		9675766D2C2FAEF700F48809 /* ContentView.swift in Sources */ = {isa = PBXBuildFile; fileRef = 9675766C2C2FAEF700F48809 /* ContentView.swift */; };
		9675766F2C2FAEF800F48809 /* Assets.xcassets in Resources */ = {isa = PBXBuildFile; fileRef = 9675766E2C2FAEF800F48809 /* Assets.xcassets */; };
		967576722C2FAEF800F48809 /* Preview Assets.xcassets in Resources */ = {isa = PBXBuildFile; fileRef = 967576712C2FAEF800F48809 /* Preview Assets.xcassets */; };
		967576792C2FAF7700F48809 /* VideoPlayerView.swift in Sources */ = {isa = PBXBuildFile; fileRef = 967576782C2FAF7700F48809 /* VideoPlayerView.swift */; };
		9675767B2C2FAF9A00F48809 /* TopicListView.swift in Sources */ = {isa = PBXBuildFile; fileRef = 9675767A2C2FAF9A00F48809 /* TopicListView.swift */; };
		967576812C2FC02700F48809 /* SubListView.swift in Sources */ = {isa = PBXBuildFile; fileRef = 967576802C2FC02700F48809 /* SubListView.swift */; };
		96A1E9FF2C3AA7D000E8B792 /* SwiftCSV in Frameworks */ = {isa = PBXBuildFile; productRef = 96A1E9FE2C3AA7D000E8B792 /* SwiftCSV */; };
		96A1EA012C3AA8DB00E8B792 /* DataManager.swift in Sources */ = {isa = PBXBuildFile; fileRef = 96A1EA002C3AA8DB00E8B792 /* DataManager.swift */; };
		96A1EA562C3AD57000E8B792 /* video5 in Resources */ = {isa = PBXBuildFile; fileRef = 96A1EA552C3AD57000E8B792 /* video5 */; };
		96E24E032C3589CC00B060C0 /* AudioEngineManager.swift in Sources */ = {isa = PBXBuildFile; fileRef = 96E24E022C3589CC00B060C0 /* AudioEngineManager.swift */; };
		96E7CE882C341E1B007B7B0C /* scenes.csv in Resources */ = {isa = PBXBuildFile; fileRef = 96E7CE852C341E1B007B7B0C /* scenes.csv */; };
		96E7CE892C341E1B007B7B0C /* video.mp4 in Resources */ = {isa = PBXBuildFile; fileRef = 96E7CE862C341E1B007B7B0C /* video.mp4 */; };
		96E7CE8A2C341E1B007B7B0C /* comments.csv in Resources */ = {isa = PBXBuildFile; fileRef = 96E7CE872C341E1B007B7B0C /* comments.csv */; };
/* End PBXBuildFile section */

/* Begin PBXFileReference section */
		967576672C2FAEF700F48809 /* DanmuA11y.app */ = {isa = PBXFileReference; explicitFileType = wrapper.application; includeInIndex = 0; path = DanmuA11y.app; sourceTree = BUILT_PRODUCTS_DIR; };
		9675766A2C2FAEF700F48809 /* DanmuA11yApp.swift */ = {isa = PBXFileReference; lastKnownFileType = sourcecode.swift; path = DanmuA11yApp.swift; sourceTree = "<group>"; };
		9675766C2C2FAEF700F48809 /* ContentView.swift */ = {isa = PBXFileReference; lastKnownFileType = sourcecode.swift; path = ContentView.swift; sourceTree = "<group>"; };
		9675766E2C2FAEF800F48809 /* Assets.xcassets */ = {isa = PBXFileReference; lastKnownFileType = folder.assetcatalog; path = Assets.xcassets; sourceTree = "<group>"; };
		967576712C2FAEF800F48809 /* Preview Assets.xcassets */ = {isa = PBXFileReference; lastKnownFileType = folder.assetcatalog; path = "Preview Assets.xcassets"; sourceTree = "<group>"; };
		967576782C2FAF7700F48809 /* VideoPlayerView.swift */ = {isa = PBXFileReference; lastKnownFileType = sourcecode.swift; path = VideoPlayerView.swift; sourceTree = "<group>"; };
		9675767A2C2FAF9A00F48809 /* TopicListView.swift */ = {isa = PBXFileReference; lastKnownFileType = sourcecode.swift; path = TopicListView.swift; sourceTree = "<group>"; };
		967576802C2FC02700F48809 /* SubListView.swift */ = {isa = PBXFileReference; lastKnownFileType = sourcecode.swift; path = SubListView.swift; sourceTree = "<group>"; };
		968921FC2C32F27F00E64BB8 /* Info.plist */ = {isa = PBXFileReference; lastKnownFileType = text.plist; path = Info.plist; sourceTree = "<group>"; };
		96A1EA002C3AA8DB00E8B792 /* DataManager.swift */ = {isa = PBXFileReference; lastKnownFileType = sourcecode.swift; path = DataManager.swift; sourceTree = "<group>"; };
		96A1EA552C3AD57000E8B792 /* video5 */ = {isa = PBXFileReference; lastKnownFileType = folder; path = video5; sourceTree = "<group>"; };
		96E24E022C3589CC00B060C0 /* AudioEngineManager.swift */ = {isa = PBXFileReference; fileEncoding = 4; lastKnownFileType = sourcecode.swift; path = AudioEngineManager.swift; sourceTree = "<group>"; };
		96E7CE852C341E1B007B7B0C /* scenes.csv */ = {isa = PBXFileReference; fileEncoding = 4; lastKnownFileType = text; path = scenes.csv; sourceTree = "<group>"; };
		96E7CE862C341E1B007B7B0C /* video.mp4 */ = {isa = PBXFileReference; lastKnownFileType = file; path = video.mp4; sourceTree = "<group>"; };
		96E7CE872C341E1B007B7B0C /* comments.csv */ = {isa = PBXFileReference; fileEncoding = 4; lastKnownFileType = text; path = comments.csv; sourceTree = "<group>"; };
/* End PBXFileReference section */

/* Begin PBXFrameworksBuildPhase section */
		967576642C2FAEF700F48809 /* Frameworks */ = {
			isa = PBXFrameworksBuildPhase;
			buildActionMask = 2147483647;
			files = (
				96A1E9FF2C3AA7D000E8B792 /* SwiftCSV in Frameworks */,
			);
			runOnlyForDeploymentPostprocessing = 0;
		};
/* End PBXFrameworksBuildPhase section */

/* Begin PBXGroup section */
		9675765E2C2FAEF700F48809 = {
			isa = PBXGroup;
			children = (
				967576692C2FAEF700F48809 /* DanmuA11y */,
				967576682C2FAEF700F48809 /* Products */,
			);
			sourceTree = "<group>";
		};
		967576682C2FAEF700F48809 /* Products */ = {
			isa = PBXGroup;
			children = (
				967576672C2FAEF700F48809 /* DanmuA11y.app */,
			);
			name = Products;
			sourceTree = "<group>";
		};
		967576692C2FAEF700F48809 /* DanmuA11y */ = {
			isa = PBXGroup;
			children = (
				96A1EA552C3AD57000E8B792 /* video5 */,
				968921FC2C32F27F00E64BB8 /* Info.plist */,
				96E7CE872C341E1B007B7B0C /* comments.csv */,
				96E7CE852C341E1B007B7B0C /* scenes.csv */,
				96E7CE862C341E1B007B7B0C /* video.mp4 */,
				9675766A2C2FAEF700F48809 /* DanmuA11yApp.swift */,
				9675766C2C2FAEF700F48809 /* ContentView.swift */,
				967576782C2FAF7700F48809 /* VideoPlayerView.swift */,
				9675767A2C2FAF9A00F48809 /* TopicListView.swift */,
				967576802C2FC02700F48809 /* SubListView.swift */,
				96E24E022C3589CC00B060C0 /* AudioEngineManager.swift */,
				96A1EA002C3AA8DB00E8B792 /* DataManager.swift */,
				9675766E2C2FAEF800F48809 /* Assets.xcassets */,
				967576702C2FAEF800F48809 /* Preview Content */,
			);
			path = DanmuA11y;
			sourceTree = "<group>";
		};
		967576702C2FAEF800F48809 /* Preview Content */ = {
			isa = PBXGroup;
			children = (
				967576712C2FAEF800F48809 /* Preview Assets.xcassets */,
			);
			path = "Preview Content";
			sourceTree = "<group>";
		};
/* End PBXGroup section */

/* Begin PBXNativeTarget section */
		967576662C2FAEF700F48809 /* DanmuA11y */ = {
			isa = PBXNativeTarget;
			buildConfigurationList = 967576752C2FAEF800F48809 /* Build configuration list for PBXNativeTarget "DanmuA11y" */;
			buildPhases = (
				967576632C2FAEF700F48809 /* Sources */,
				967576642C2FAEF700F48809 /* Frameworks */,
				967576652C2FAEF700F48809 /* Resources */,
			);
			buildRules = (
			);
			dependencies = (
			);
			name = DanmuA11y;
			packageProductDependencies = (
				96A1E9FE2C3AA7D000E8B792 /* SwiftCSV */,
			);
			productName = DanmuA11y;
			productReference = 967576672C2FAEF700F48809 /* DanmuA11y.app */;
			productType = "com.apple.product-type.application";
		};
/* End PBXNativeTarget section */

/* Begin PBXProject section */
		9675765F2C2FAEF700F48809 /* Project object */ = {
			isa = PBXProject;
			attributes = {
				BuildIndependentTargetsInParallel = 1;
				LastSwiftUpdateCheck = 1500;
				LastUpgradeCheck = 1500;
				TargetAttributes = {
					967576662C2FAEF700F48809 = {
						CreatedOnToolsVersion = 15.0.1;
					};
				};
			};
			buildConfigurationList = 967576622C2FAEF700F48809 /* Build configuration list for PBXProject "DanmuA11y" */;
			compatibilityVersion = "Xcode 14.0";
			developmentRegion = en;
			hasScannedForEncodings = 0;
			knownRegions = (
				en,
				Base,
			);
			mainGroup = 9675765E2C2FAEF700F48809;
			packageReferences = (
				96A1E9FD2C3AA7D000E8B792 /* XCRemoteSwiftPackageReference "SwiftCSV" */,
			);
			productRefGroup = 967576682C2FAEF700F48809 /* Products */;
			projectDirPath = "";
			projectRoot = "";
			targets = (
				967576662C2FAEF700F48809 /* DanmuA11y */,
			);
		};
/* End PBXProject section */

/* Begin PBXResourcesBuildPhase section */
		967576652C2FAEF700F48809 /* Resources */ = {
			isa = PBXResourcesBuildPhase;
			buildActionMask = 2147483647;
			files = (
				967576722C2FAEF800F48809 /* Preview Assets.xcassets in Resources */,
				96E7CE882C341E1B007B7B0C /* scenes.csv in Resources */,
				96E7CE8A2C341E1B007B7B0C /* comments.csv in Resources */,
				96E7CE892C341E1B007B7B0C /* video.mp4 in Resources */,
				96A1EA562C3AD57000E8B792 /* video5 in Resources */,
				9675766F2C2FAEF800F48809 /* Assets.xcassets in Resources */,
			);
			runOnlyForDeploymentPostprocessing = 0;
		};
/* End PBXResourcesBuildPhase section */

/* Begin PBXSourcesBuildPhase section */
		967576632C2FAEF700F48809 /* Sources */ = {
			isa = PBXSourcesBuildPhase;
			buildActionMask = 2147483647;
			files = (
				967576812C2FC02700F48809 /* SubListView.swift in Sources */,
				96E24E032C3589CC00B060C0 /* AudioEngineManager.swift in Sources */,
				9675766D2C2FAEF700F48809 /* ContentView.swift in Sources */,
				96A1EA012C3AA8DB00E8B792 /* DataManager.swift in Sources */,
				9675766B2C2FAEF700F48809 /* DanmuA11yApp.swift in Sources */,
				967576792C2FAF7700F48809 /* VideoPlayerView.swift in Sources */,
				9675767B2C2FAF9A00F48809 /* TopicListView.swift in Sources */,
			);
			runOnlyForDeploymentPostprocessing = 0;
		};
/* End PBXSourcesBuildPhase section */

/* Begin XCBuildConfiguration section */
		967576732C2FAEF800F48809 /* Debug */ = {
			isa = XCBuildConfiguration;
			buildSettings = {
				ALWAYS_SEARCH_USER_PATHS = NO;
				ASSETCATALOG_COMPILER_GENERATE_SWIFT_ASSET_SYMBOL_EXTENSIONS = YES;
				CLANG_ANALYZER_NONNULL = YES;
				CLANG_ANALYZER_NUMBER_OBJECT_CONVERSION = YES_AGGRESSIVE;
				CLANG_CXX_LANGUAGE_STANDARD = "gnu++20";
				CLANG_ENABLE_MODULES = YES;
				CLANG_ENABLE_OBJC_ARC = YES;
				CLANG_ENABLE_OBJC_WEAK = YES;
				CLANG_WARN_BLOCK_CAPTURE_AUTORELEASING = YES;
				CLANG_WARN_BOOL_CONVERSION = YES;
				CLANG_WARN_COMMA = YES;
				CLANG_WARN_CONSTANT_CONVERSION = YES;
				CLANG_WARN_DEPRECATED_OBJC_IMPLEMENTATIONS = YES;
				CLANG_WARN_DIRECT_OBJC_ISA_USAGE = YES_ERROR;
				CLANG_WARN_DOCUMENTATION_COMMENTS = YES;
				CLANG_WARN_EMPTY_BODY = YES;
				CLANG_WARN_ENUM_CONVERSION = YES;
				CLANG_WARN_INFINITE_RECURSION = YES;
				CLANG_WARN_INT_CONVERSION = YES;
				CLANG_WARN_NON_LITERAL_NULL_CONVERSION = YES;
				CLANG_WARN_OBJC_IMPLICIT_RETAIN_SELF = YES;
				CLANG_WARN_OBJC_LITERAL_CONVERSION = YES;
				CLANG_WARN_OBJC_ROOT_CLASS = YES_ERROR;
				CLANG_WARN_QUOTED_INCLUDE_IN_FRAMEWORK_HEADER = YES;
				CLANG_WARN_RANGE_LOOP_ANALYSIS = YES;
				CLANG_WARN_STRICT_PROTOTYPES = YES;
				CLANG_WARN_SUSPICIOUS_MOVE = YES;
				CLANG_WARN_UNGUARDED_AVAILABILITY = YES_AGGRESSIVE;
				CLANG_WARN_UNREACHABLE_CODE = YES;
				CLANG_WARN__DUPLICATE_METHOD_MATCH = YES;
				COPY_PHASE_STRIP = NO;
				DEBUG_INFORMATION_FORMAT = dwarf;
				ENABLE_STRICT_OBJC_MSGSEND = YES;
				ENABLE_TESTABILITY = YES;
				ENABLE_USER_SCRIPT_SANDBOXING = YES;
				GCC_C_LANGUAGE_STANDARD = gnu17;
				GCC_DYNAMIC_NO_PIC = NO;
				GCC_NO_COMMON_BLOCKS = YES;
				GCC_OPTIMIZATION_LEVEL = 0;
				GCC_PREPROCESSOR_DEFINITIONS = (
					"DEBUG=1",
					"$(inherited)",
				);
				GCC_WARN_64_TO_32_BIT_CONVERSION = YES;
				GCC_WARN_ABOUT_RETURN_TYPE = YES_ERROR;
				GCC_WARN_UNDECLARED_SELECTOR = YES;
				GCC_WARN_UNINITIALIZED_AUTOS = YES_AGGRESSIVE;
				GCC_WARN_UNUSED_FUNCTION = YES;
				GCC_WARN_UNUSED_VARIABLE = YES;
				IPHONEOS_DEPLOYMENT_TARGET = 17.0;
				LOCALIZATION_PREFERS_STRING_CATALOGS = YES;
				MTL_ENABLE_DEBUG_INFO = INCLUDE_SOURCE;
				MTL_FAST_MATH = YES;
				ONLY_ACTIVE_ARCH = YES;
				SDKROOT = iphoneos;
				SWIFT_ACTIVE_COMPILATION_CONDITIONS = "DEBUG $(inherited)";
				SWIFT_OPTIMIZATION_LEVEL = "-Onone";
			};
			name = Debug;
		};
		967576742C2FAEF800F48809 /* Release */ = {
			isa = XCBuildConfiguration;
			buildSettings = {
				ALWAYS_SEARCH_USER_PATHS = NO;
				ASSETCATALOG_COMPILER_GENERATE_SWIFT_ASSET_SYMBOL_EXTENSIONS = YES;
				CLANG_ANALYZER_NONNULL = YES;
				CLANG_ANALYZER_NUMBER_OBJECT_CONVERSION = YES_AGGRESSIVE;
				CLANG_CXX_LANGUAGE_STANDARD = "gnu++20";
				CLANG_ENABLE_MODULES = YES;
				CLANG_ENABLE_OBJC_ARC = YES;
				CLANG_ENABLE_OBJC_WEAK = YES;
				CLANG_WARN_BLOCK_CAPTURE_AUTORELEASING = YES;
				CLANG_WARN_BOOL_CONVERSION = YES;
				CLANG_WARN_COMMA = YES;
				CLANG_WARN_CONSTANT_CONVERSION = YES;
				CLANG_WARN_DEPRECATED_OBJC_IMPLEMENTATIONS = YES;
				CLANG_WARN_DIRECT_OBJC_ISA_USAGE = YES_ERROR;
				CLANG_WARN_DOCUMENTATION_COMMENTS = YES;
				CLANG_WARN_EMPTY_BODY = YES;
				CLANG_WARN_ENUM_CONVERSION = YES;
				CLANG_WARN_INFINITE_RECURSION = YES;
				CLANG_WARN_INT_CONVERSION = YES;
				CLANG_WARN_NON_LITERAL_NULL_CONVERSION = YES;
				CLANG_WARN_OBJC_IMPLICIT_RETAIN_SELF = YES;
				CLANG_WARN_OBJC_LITERAL_CONVERSION = YES;
				CLANG_WARN_OBJC_ROOT_CLASS = YES_ERROR;
				CLANG_WARN_QUOTED_INCLUDE_IN_FRAMEWORK_HEADER = YES;
				CLANG_WARN_RANGE_LOOP_ANALYSIS = YES;
				CLANG_WARN_STRICT_PROTOTYPES = YES;
				CLANG_WARN_SUSPICIOUS_MOVE = YES;
				CLANG_WARN_UNGUARDED_AVAILABILITY = YES_AGGRESSIVE;
				CLANG_WARN_UNREACHABLE_CODE = YES;
				CLANG_WARN__DUPLICATE_METHOD_MATCH = YES;
				COPY_PHASE_STRIP = NO;
				DEBUG_INFORMATION_FORMAT = "dwarf-with-dsym";
				ENABLE_NS_ASSERTIONS = NO;
				ENABLE_STRICT_OBJC_MSGSEND = YES;
				ENABLE_USER_SCRIPT_SANDBOXING = YES;
				GCC_C_LANGUAGE_STANDARD = gnu17;
				GCC_NO_COMMON_BLOCKS = YES;
				GCC_WARN_64_TO_32_BIT_CONVERSION = YES;
				GCC_WARN_ABOUT_RETURN_TYPE = YES_ERROR;
				GCC_WARN_UNDECLARED_SELECTOR = YES;
				GCC_WARN_UNINITIALIZED_AUTOS = YES_AGGRESSIVE;
				GCC_WARN_UNUSED_FUNCTION = YES;
				GCC_WARN_UNUSED_VARIABLE = YES;
				IPHONEOS_DEPLOYMENT_TARGET = 17.0;
				LOCALIZATION_PREFERS_STRING_CATALOGS = YES;
				MTL_ENABLE_DEBUG_INFO = NO;
				MTL_FAST_MATH = YES;
				SDKROOT = iphoneos;
				SWIFT_COMPILATION_MODE = wholemodule;
				VALIDATE_PRODUCT = YES;
			};
			name = Release;
		};
		967576762C2FAEF800F48809 /* Debug */ = {
			isa = XCBuildConfiguration;
			buildSettings = {
				ASSETCATALOG_COMPILER_APPICON_NAME = AppIcon;
				ASSETCATALOG_COMPILER_GLOBAL_ACCENT_COLOR_NAME = AccentColor;
				CODE_SIGN_STYLE = Automatic;
				CURRENT_PROJECT_VERSION = 1;
				DEVELOPMENT_ASSET_PATHS = "\"DanmuA11y/Preview Content\"";
				DEVELOPMENT_TEAM = J7X965WQQ8;
				ENABLE_PREVIEWS = YES;
				GENERATE_INFOPLIST_FILE = YES;
				INFOPLIST_FILE = DanmuA11y/Info.plist;
				INFOPLIST_KEY_UIApplicationSceneManifest_Generation = YES;
				INFOPLIST_KEY_UIApplicationSupportsIndirectInputEvents = YES;
				INFOPLIST_KEY_UILaunchScreen_Generation = YES;
				INFOPLIST_KEY_UISupportedInterfaceOrientations_iPad = "UIInterfaceOrientationPortrait UIInterfaceOrientationPortraitUpsideDown UIInterfaceOrientationLandscapeLeft UIInterfaceOrientationLandscapeRight";
				INFOPLIST_KEY_UISupportedInterfaceOrientations_iPhone = "UIInterfaceOrientationPortrait UIInterfaceOrientationLandscapeLeft UIInterfaceOrientationLandscapeRight";
				LD_RUNPATH_SEARCH_PATHS = (
					"$(inherited)",
					"@executable_path/Frameworks",
				);
				MARKETING_VERSION = 1.0;
				PRODUCT_BUNDLE_IDENTIFIER = com.coda.DanmuA11y;
				PRODUCT_NAME = "$(TARGET_NAME)";
				SWIFT_EMIT_LOC_STRINGS = YES;
				SWIFT_VERSION = 5.0;
				TARGETED_DEVICE_FAMILY = "1,2";
			};
			name = Debug;
		};
		967576772C2FAEF800F48809 /* Release */ = {
			isa = XCBuildConfiguration;
			buildSettings = {
				ASSETCATALOG_COMPILER_APPICON_NAME = AppIcon;
				ASSETCATALOG_COMPILER_GLOBAL_ACCENT_COLOR_NAME = AccentColor;
				CODE_SIGN_STYLE = Automatic;
				CURRENT_PROJECT_VERSION = 1;
				DEVELOPMENT_ASSET_PATHS = "\"DanmuA11y/Preview Content\"";
				DEVELOPMENT_TEAM = J7X965WQQ8;
				ENABLE_PREVIEWS = YES;
				GENERATE_INFOPLIST_FILE = YES;
				INFOPLIST_FILE = DanmuA11y/Info.plist;
				INFOPLIST_KEY_UIApplicationSceneManifest_Generation = YES;
				INFOPLIST_KEY_UIApplicationSupportsIndirectInputEvents = YES;
				INFOPLIST_KEY_UILaunchScreen_Generation = YES;
				INFOPLIST_KEY_UISupportedInterfaceOrientations_iPad = "UIInterfaceOrientationPortrait UIInterfaceOrientationPortraitUpsideDown UIInterfaceOrientationLandscapeLeft UIInterfaceOrientationLandscapeRight";
				INFOPLIST_KEY_UISupportedInterfaceOrientations_iPhone = "UIInterfaceOrientationPortrait UIInterfaceOrientationLandscapeLeft UIInterfaceOrientationLandscapeRight";
				LD_RUNPATH_SEARCH_PATHS = (
					"$(inherited)",
					"@executable_path/Frameworks",
				);
				MARKETING_VERSION = 1.0;
				PRODUCT_BUNDLE_IDENTIFIER = com.coda.DanmuA11y;
				PRODUCT_NAME = "$(TARGET_NAME)";
				SWIFT_EMIT_LOC_STRINGS = YES;
				SWIFT_VERSION = 5.0;
				TARGETED_DEVICE_FAMILY = "1,2";
			};
			name = Release;
		};
/* End XCBuildConfiguration section */

/* Begin XCConfigurationList section */
		967576622C2FAEF700F48809 /* Build configuration list for PBXProject "DanmuA11y" */ = {
			isa = XCConfigurationList;
			buildConfigurations = (
				967576732C2FAEF800F48809 /* Debug */,
				967576742C2FAEF800F48809 /* Release */,
			);
			defaultConfigurationIsVisible = 0;
			defaultConfigurationName = Release;
		};
		967576752C2FAEF800F48809 /* Build configuration list for PBXNativeTarget "DanmuA11y" */ = {
			isa = XCConfigurationList;
			buildConfigurations = (
				967576762C2FAEF800F48809 /* Debug */,
				967576772C2FAEF800F48809 /* Release */,
			);
			defaultConfigurationIsVisible = 0;
			defaultConfigurationName = Release;
		};
/* End XCConfigurationList section */

/* Begin XCRemoteSwiftPackageReference section */
		96A1E9FD2C3AA7D000E8B792 /* XCRemoteSwiftPackageReference "SwiftCSV" */ = {
			isa = XCRemoteSwiftPackageReference;
			repositoryURL = "https://github.com/swiftcsv/SwiftCSV";
			requirement = {
				kind = upToNextMajorVersion;
				minimumVersion = 0.10.0;
			};
		};
/* End XCRemoteSwiftPackageReference section */

/* Begin XCSwiftPackageProductDependency section */
		96A1E9FE2C3AA7D000E8B792 /* SwiftCSV */ = {
			isa = XCSwiftPackageProductDependency;
			package = 96A1E9FD2C3AA7D000E8B792 /* XCRemoteSwiftPackageReference "SwiftCSV" */;
			productName = SwiftCSV;
		};
/* End XCSwiftPackageProductDependency section */
	};
	rootObject = 9675765F2C2FAEF700F48809 /* Project object */;
}
